PODS:
  - Nimble (4.1.0)
  - Quick (0.9.3)
  - VersionsTracker (0.1.1)

DEPENDENCIES:
  - Nimble (from `https://github.com/martnst/Nimble.git`, branch `swift3`)
  - Quick (from `https://github.com/Quick/Quick.git`, branch `swift-3.0`)
  - VersionsTracker (from `../`)

EXTERNAL SOURCES:
  Nimble:
    :branch: swift3
    :git: https://github.com/martnst/Nimble.git
  Quick:
    :branch: swift-3.0
    :git: https://github.com/Quick/Quick.git
  VersionsTracker:
    :path: "../"

CHECKOUT OPTIONS:
  Nimble:
    :commit: ba3451596e80c9ac5ad5f76894b1eeb08e3e97e0
    :git: https://github.com/martnst/Nimble.git
  Quick:
    :commit: 8f2bc636ecfa2cc20696f62548b38d4ab943e299
    :git: https://github.com/Quick/Quick.git

SPEC CHECKSUMS:
  Nimble: 97a0a4cae5124c117115634b2d055d8c97d0af19
  Quick: 31fb576b6cbb6b028cc5e0016e4366accbb346f5
  VersionsTracker: 4371b2369d464fcc81b7db3b967e758ed848c904

PODFILE CHECKSUM: 3278bc0c036a4b692ff5b1e420ba913962d241a0

COCOAPODS: 1.0.1
