PODS:
  - Nimble (3.0.0)
  - Quick (0.8.0)
  - VersionsTracker (0.1.0)

DEPENDENCIES:
  - Nimble (= 3.0.0)
  - Quick (~> 0.8.0)
  - VersionsTracker (from `../`)

EXTERNAL SOURCES:
  VersionsTracker:
    :path: "../"

SPEC CHECKSUMS:
  Nimble: 4c353d43735b38b545cbb4cb91504588eb5de926
  Quick: 563d0f6ec5f72e394645adb377708639b7dd38ab
  VersionsTracker: 43a34b9b112bb711095e4816a7b9ce902ece1b17

COCOAPODS: 0.39.0
